
Microsoft Visual Studio Solution File, Format Version 12.00
# Visual Studio Version 17
VisualStudioVersion = 17.4.33205.214
MinimumVisualStudioVersion = 10.0.40219.1
Project("{FAE04EC0-301F-11D3-BF4B-00C04F79EFBC}") = "SRPandOCP", "SRPandOCP\SRPandOCP.csproj", "{8163374D-598C-4584-8E84-C90D07374B97}"
EndProject
Global
	GlobalSection(SolutionConfigurationPlatforms) = preSolution
		Debug|Any CPU = Debug|Any CPU
		Release|Any CPU = Release|Any CPU
	EndGlobalSection
	GlobalSection(ProjectConfigurationPlatforms) = postSolution
		{8163374D-598C-4584-8E84-C90D07374B97}.Debug|Any CPU.ActiveCfg = Debug|Any CPU
		{8163374D-598C-4584-8E84-C90D07374B97}.Debug|Any CPU.Build.0 = Debug|Any CPU
		{8163374D-598C-4584-8E84-C90D07374B97}.Release|Any CPU.ActiveCfg = Release|Any CPU
		{8163374D-598C-4584-8E84-C90D07374B97}.Release|Any CPU.Build.0 = Release|Any CPU
	EndGlobalSection
	GlobalSection(SolutionProperties) = preSolution
		HideSolutionNode = FALSE
	EndGlobalSection
	GlobalSection(ExtensibilityGlobals) = postSolution
		SolutionGuid = {1B355BE6-187D-4FC2-B418-548B0128F689}
	EndGlobalSection
EndGlobal
