
Microsoft Visual Studio Solution File, Format Version 12.00
# Visual Studio Version 17
VisualStudioVersion = 17.4.33205.214
MinimumVisualStudioVersion = 10.0.40219.1
Project("{9A19103F-16F7-4668-BE54-9A1E7A4F7556}") = "Arrays", "Arrays\Arrays.csproj", "{AC86FE4D-6625-42D0-9077-D96AE0DFD0E6}"
EndProject
Project("{9A19103F-16F7-4668-BE54-9A1E7A4F7556}") = "PasswordChecker", "PasswordChecker\PasswordChecker.csproj", "{11D496F2-666A-485F-BBD9-67CB7DDB7814}"
EndProject
Project("{FAE04EC0-301F-11D3-BF4B-00C04F79EFBC}") = "PasswordGenerator", "PasswordGenerator\PasswordGenerator.csproj", "{19024D02-517A-4662-86E5-A012761F1E24}"
EndProject
Project("{FAE04EC0-301F-11D3-BF4B-00C04F79EFBC}") = "AncientAscendancy_RPGame", "AncientAscendancy_RPGame\AncientAscendancy_RPGame.csproj", "{E6538884-5FC5-4D8A-94F6-6C251CF603F6}"
EndProject
Global
	GlobalSection(SolutionConfigurationPlatforms) = preSolution
		Debug|Any CPU = Debug|Any CPU
		Release|Any CPU = Release|Any CPU
	EndGlobalSection
	GlobalSection(ProjectConfigurationPlatforms) = postSolution
		{AC86FE4D-6625-42D0-9077-D96AE0DFD0E6}.Debug|Any CPU.ActiveCfg = Debug|Any CPU
		{AC86FE4D-6625-42D0-9077-D96AE0DFD0E6}.Debug|Any CPU.Build.0 = Debug|Any CPU
		{AC86FE4D-6625-42D0-9077-D96AE0DFD0E6}.Release|Any CPU.ActiveCfg = Release|Any CPU
		{AC86FE4D-6625-42D0-9077-D96AE0DFD0E6}.Release|Any CPU.Build.0 = Release|Any CPU
		{11D496F2-666A-485F-BBD9-67CB7DDB7814}.Debug|Any CPU.ActiveCfg = Debug|Any CPU
		{11D496F2-666A-485F-BBD9-67CB7DDB7814}.Debug|Any CPU.Build.0 = Debug|Any CPU
		{11D496F2-666A-485F-BBD9-67CB7DDB7814}.Release|Any CPU.ActiveCfg = Release|Any CPU
		{11D496F2-666A-485F-BBD9-67CB7DDB7814}.Release|Any CPU.Build.0 = Release|Any CPU
		{19024D02-517A-4662-86E5-A012761F1E24}.Debug|Any CPU.ActiveCfg = Debug|Any CPU
		{19024D02-517A-4662-86E5-A012761F1E24}.Debug|Any CPU.Build.0 = Debug|Any CPU
		{19024D02-517A-4662-86E5-A012761F1E24}.Release|Any CPU.ActiveCfg = Release|Any CPU
		{19024D02-517A-4662-86E5-A012761F1E24}.Release|Any CPU.Build.0 = Release|Any CPU
		{E6538884-5FC5-4D8A-94F6-6C251CF603F6}.Debug|Any CPU.ActiveCfg = Debug|Any CPU
		{E6538884-5FC5-4D8A-94F6-6C251CF603F6}.Debug|Any CPU.Build.0 = Debug|Any CPU
		{E6538884-5FC5-4D8A-94F6-6C251CF603F6}.Release|Any CPU.ActiveCfg = Release|Any CPU
		{E6538884-5FC5-4D8A-94F6-6C251CF603F6}.Release|Any CPU.Build.0 = Release|Any CPU
	EndGlobalSection
	GlobalSection(SolutionProperties) = preSolution
		HideSolutionNode = FALSE
	EndGlobalSection
	GlobalSection(ExtensibilityGlobals) = postSolution
		SolutionGuid = {66B6039E-D19D-4B46-98B4-329135843545}
	EndGlobalSection
EndGlobal
